// !$*UTF8*$!
{
	archiveVersion = 1;
	classes = {
	};
	objectVersion = 56;
	objects = {

/* Begin PBXBuildFile section */
		CDED14414525C48849C119BE /* Pods_Catch_em_all.framework in Frameworks */ = {isa = PBXBuildFile; fileRef = 37FDB20E44BF93863C04AD87 /* Pods_Catch_em_all.framework */; };
		FD02B15429AF8D550079241C /* Stat.swift in Sources */ = {isa = PBXBuildFile; fileRef = FD02B15329AF8D550079241C /* Stat.swift */; };
		FD0892B0297AD9DE00182803 /* AppDelegate.swift in Sources */ = {isa = PBXBuildFile; fileRef = FD0892AF297AD9DE00182803 /* AppDelegate.swift */; };
		FD0892B4297AD9DE00182803 /* ViewController.swift in Sources */ = {isa = PBXBuildFile; fileRef = FD0892B3297AD9DE00182803 /* ViewController.swift */; };
		FD0892B9297AD9E000182803 /* Assets.xcassets in Resources */ = {isa = PBXBuildFile; fileRef = FD0892B8297AD9E000182803 /* Assets.xcassets */; };
		FD0892BC297AD9E000182803 /* LaunchScreen.storyboard in Resources */ = {isa = PBXBuildFile; fileRef = FD0892BA297AD9E000182803 /* LaunchScreen.storyboard */; };
		FD17FB8F299E1FEF00F74B13 /* VersionGroupDetail.swift in Sources */ = {isa = PBXBuildFile; fileRef = FD17FB8E299E1FEF00F74B13 /* VersionGroupDetail.swift */; };
		FD31C69629AA5E6100C8F667 /* Move.swift in Sources */ = {isa = PBXBuildFile; fileRef = FD31C69529AA5E6100C8F667 /* Move.swift */; };
		FD57A92A299CFCEF00ACF376 /* Other.swift in Sources */ = {isa = PBXBuildFile; fileRef = FD57A929299CFCEF00ACF376 /* Other.swift */; };
		FD6C3B1D29B61B0800CE1CF9 /* Chain.swift in Sources */ = {isa = PBXBuildFile; fileRef = FD6C3B1C29B61B0800CE1CF9 /* Chain.swift */; };
		FD6DFE7929B20B680047BB63 /* Ability.swift in Sources */ = {isa = PBXBuildFile; fileRef = FD6DFE7829B20B680047BB63 /* Ability.swift */; };
		FDB5351229B7D19800FCE612 /* PokeInfo.swift in Sources */ = {isa = PBXBuildFile; fileRef = FDB5351129B7D19800FCE612 /* PokeInfo.swift */; };
		FDB5351429B7D1BF00FCE612 /* Sprites.swift in Sources */ = {isa = PBXBuildFile; fileRef = FDB5351329B7D1BF00FCE612 /* Sprites.swift */; };
		FDC857A0299AA157000C2DF7 /* OfficialArtwork.swift in Sources */ = {isa = PBXBuildFile; fileRef = FDC8579F299AA157000C2DF7 /* OfficialArtwork.swift */; };
		FDCE12CC298C21E800CA88F6 /* Poke.swift in Sources */ = {isa = PBXBuildFile; fileRef = FDCE12CB298C21E700CA88F6 /* Poke.swift */; };
		FDCE12CF298C220400CA88F6 /* PokeList.swift in Sources */ = {isa = PBXBuildFile; fileRef = FDCE12CE298C220400CA88F6 /* PokeList.swift */; };
		FDEBC703299981E500DB49CA /* Species.swift in Sources */ = {isa = PBXBuildFile; fileRef = FDEBC702299981E500DB49CA /* Species.swift */; };
/* End PBXBuildFile section */

/* Begin PBXFileReference section */
		073FA098E3E300C6DD26E79F /* Pods-Catch_em_all.release.xcconfig */ = {isa = PBXFileReference; includeInIndex = 1; lastKnownFileType = text.xcconfig; name = "Pods-Catch_em_all.release.xcconfig"; path = "Target Support Files/Pods-Catch_em_all/Pods-Catch_em_all.release.xcconfig"; sourceTree = "<group>"; };
		37FDB20E44BF93863C04AD87 /* Pods_Catch_em_all.framework */ = {isa = PBXFileReference; explicitFileType = wrapper.framework; includeInIndex = 0; path = Pods_Catch_em_all.framework; sourceTree = BUILT_PRODUCTS_DIR; };
		E4E682A8709019E349572F4C /* Pods-Catch_em_all.debug.xcconfig */ = {isa = PBXFileReference; includeInIndex = 1; lastKnownFileType = text.xcconfig; name = "Pods-Catch_em_all.debug.xcconfig"; path = "Target Support Files/Pods-Catch_em_all/Pods-Catch_em_all.debug.xcconfig"; sourceTree = "<group>"; };
		FD02B15329AF8D550079241C /* Stat.swift */ = {isa = PBXFileReference; lastKnownFileType = sourcecode.swift; path = Stat.swift; sourceTree = "<group>"; };
		FD0892AC297AD9DE00182803 /* Catch_em_all.app */ = {isa = PBXFileReference; explicitFileType = wrapper.application; includeInIndex = 0; path = Catch_em_all.app; sourceTree = BUILT_PRODUCTS_DIR; };
		FD0892AF297AD9DE00182803 /* AppDelegate.swift */ = {isa = PBXFileReference; lastKnownFileType = sourcecode.swift; path = AppDelegate.swift; sourceTree = "<group>"; };
		FD0892B3297AD9DE00182803 /* ViewController.swift */ = {isa = PBXFileReference; lastKnownFileType = sourcecode.swift; path = ViewController.swift; sourceTree = "<group>"; };
		FD0892B8297AD9E000182803 /* Assets.xcassets */ = {isa = PBXFileReference; lastKnownFileType = folder.assetcatalog; path = Assets.xcassets; sourceTree = "<group>"; };
		FD0892BB297AD9E000182803 /* Base */ = {isa = PBXFileReference; lastKnownFileType = file.storyboard; name = Base; path = Base.lproj/LaunchScreen.storyboard; sourceTree = "<group>"; };
		FD0892BD297AD9E000182803 /* Info.plist */ = {isa = PBXFileReference; lastKnownFileType = text.plist.xml; path = Info.plist; sourceTree = "<group>"; };
		FD17FB8E299E1FEF00F74B13 /* VersionGroupDetail.swift */ = {isa = PBXFileReference; lastKnownFileType = sourcecode.swift; path = VersionGroupDetail.swift; sourceTree = "<group>"; };
		FD31C69529AA5E6100C8F667 /* Move.swift */ = {isa = PBXFileReference; lastKnownFileType = sourcecode.swift; path = Move.swift; sourceTree = "<group>"; };
		FD57A929299CFCEF00ACF376 /* Other.swift */ = {isa = PBXFileReference; lastKnownFileType = sourcecode.swift; path = Other.swift; sourceTree = "<group>"; };
		FD6C3B1C29B61B0800CE1CF9 /* Chain.swift */ = {isa = PBXFileReference; lastKnownFileType = sourcecode.swift; path = Chain.swift; sourceTree = "<group>"; };
		FD6DFE7829B20B680047BB63 /* Ability.swift */ = {isa = PBXFileReference; lastKnownFileType = sourcecode.swift; path = Ability.swift; sourceTree = "<group>"; };
		FDB5351129B7D19800FCE612 /* PokeInfo.swift */ = {isa = PBXFileReference; lastKnownFileType = sourcecode.swift; path = PokeInfo.swift; sourceTree = "<group>"; };
		FDB5351329B7D1BF00FCE612 /* Sprites.swift */ = {isa = PBXFileReference; lastKnownFileType = sourcecode.swift; path = Sprites.swift; sourceTree = "<group>"; };
		FDC8579F299AA157000C2DF7 /* OfficialArtwork.swift */ = {isa = PBXFileReference; lastKnownFileType = sourcecode.swift; path = OfficialArtwork.swift; sourceTree = "<group>"; };
		FDCE12CB298C21E700CA88F6 /* Poke.swift */ = {isa = PBXFileReference; lastKnownFileType = sourcecode.swift; path = Poke.swift; sourceTree = "<group>"; };
		FDCE12CE298C220400CA88F6 /* PokeList.swift */ = {isa = PBXFileReference; lastKnownFileType = sourcecode.swift; path = PokeList.swift; sourceTree = "<group>"; };
		FDEBC702299981E500DB49CA /* Species.swift */ = {isa = PBXFileReference; lastKnownFileType = sourcecode.swift; path = Species.swift; sourceTree = "<group>"; };
/* End PBXFileReference section */

/* Begin PBXFrameworksBuildPhase section */
		FD0892A9297AD9DE00182803 /* Frameworks */ = {
			isa = PBXFrameworksBuildPhase;
			buildActionMask = 2147483647;
			files = (
				CDED14414525C48849C119BE /* Pods_Catch_em_all.framework in Frameworks */,
			);
			runOnlyForDeploymentPostprocessing = 0;
		};
/* End PBXFrameworksBuildPhase section */

/* Begin PBXGroup section */
		3B46E9B3F62C59BD3C2A96A7 /* Pods */ = {
			isa = PBXGroup;
			children = (
				E4E682A8709019E349572F4C /* Pods-Catch_em_all.debug.xcconfig */,
				073FA098E3E300C6DD26E79F /* Pods-Catch_em_all.release.xcconfig */,
			);
			path = Pods;
			sourceTree = "<group>";
		};
		CFFE9AA0B7EFC4AE51ACC83A /* Frameworks */ = {
			isa = PBXGroup;
			children = (
				37FDB20E44BF93863C04AD87 /* Pods_Catch_em_all.framework */,
			);
			name = Frameworks;
			sourceTree = "<group>";
		};
		FD0892A3297AD9DE00182803 = {
			isa = PBXGroup;
			children = (
				FD0892AE297AD9DE00182803 /* Catch_em_all */,
				FD0892AD297AD9DE00182803 /* Products */,
				3B46E9B3F62C59BD3C2A96A7 /* Pods */,
				CFFE9AA0B7EFC4AE51ACC83A /* Frameworks */,
			);
			sourceTree = "<group>";
		};
		FD0892AD297AD9DE00182803 /* Products */ = {
			isa = PBXGroup;
			children = (
				FD0892AC297AD9DE00182803 /* Catch_em_all.app */,
			);
			name = Products;
			sourceTree = "<group>";
		};
		FD0892AE297AD9DE00182803 /* Catch_em_all */ = {
			isa = PBXGroup;
			children = (
				FDCE12CA298C21D900CA88F6 /* Models */,
				FD9CD1E7298B03330088764E /* Supporting Files */,
				FD9CD1E6298B032C0088764E /* Resources */,
				FD9CD1E5298B03020088764E /* Controllers */,
			);
			path = Catch_em_all;
			sourceTree = "<group>";
		};
		FD9CD1E5298B03020088764E /* Controllers */ = {
			isa = PBXGroup;
			children = (
				FD0892B3297AD9DE00182803 /* ViewController.swift */,
			);
			path = Controllers;
			sourceTree = "<group>";
		};
		FD9CD1E6298B032C0088764E /* Resources */ = {
			isa = PBXGroup;
			children = (
				FD0892B8297AD9E000182803 /* Assets.xcassets */,
			);
			path = Resources;
			sourceTree = "<group>";
		};
		FD9CD1E7298B03330088764E /* Supporting Files */ = {
			isa = PBXGroup;
			children = (
				FD0892AF297AD9DE00182803 /* AppDelegate.swift */,
				FD0892BA297AD9E000182803 /* LaunchScreen.storyboard */,
				FD0892BD297AD9E000182803 /* Info.plist */,
			);
			path = "Supporting Files";
			sourceTree = "<group>";
		};
		FDCE12CA298C21D900CA88F6 /* Models */ = {
			isa = PBXGroup;
			children = (
				FDCE12CB298C21E700CA88F6 /* Poke.swift */,
				FDCE12CE298C220400CA88F6 /* PokeList.swift */,
				FDEBC702299981E500DB49CA /* Species.swift */,
				FDC8579F299AA157000C2DF7 /* OfficialArtwork.swift */,
				FD57A929299CFCEF00ACF376 /* Other.swift */,
				FD17FB8E299E1FEF00F74B13 /* VersionGroupDetail.swift */,
				FD31C69529AA5E6100C8F667 /* Move.swift */,
				FD02B15329AF8D550079241C /* Stat.swift */,
				FD6DFE7829B20B680047BB63 /* Ability.swift */,
				FD6C3B1C29B61B0800CE1CF9 /* Chain.swift */,
				FDB5351129B7D19800FCE612 /* PokeInfo.swift */,
				FDB5351329B7D1BF00FCE612 /* Sprites.swift */,
			);
			path = Models;
			sourceTree = "<group>";
		};
/* End PBXGroup section */

/* Begin PBXNativeTarget section */
		FD0892AB297AD9DE00182803 /* Catch_em_all */ = {
			isa = PBXNativeTarget;
			buildConfigurationList = FD0892C0297AD9E000182803 /* Build configuration list for PBXNativeTarget "Catch_em_all" */;
			buildPhases = (
				8784704DBAFBD7A4D9639E79 /* [CP] Check Pods Manifest.lock */,
				FD0892A8297AD9DE00182803 /* Sources */,
				FD0892A9297AD9DE00182803 /* Frameworks */,
				FD0892AA297AD9DE00182803 /* Resources */,
				FDA8E815298DB53D0034F621 /* SwiftLint */,
				F68A2A80F6BA89A553B8DA27 /* [CP] Embed Pods Frameworks */,
			);
			buildRules = (
			);
			dependencies = (
			);
			name = Catch_em_all;
			productName = "Catch’em all";
			productReference = FD0892AC297AD9DE00182803 /* Catch_em_all.app */;
			productType = "com.apple.product-type.application";
		};
/* End PBXNativeTarget section */

/* Begin PBXProject section */
		FD0892A4297AD9DE00182803 /* Project object */ = {
			isa = PBXProject;
			attributes = {
				BuildIndependentTargetsInParallel = 1;
				LastSwiftUpdateCheck = 1410;
				LastUpgradeCheck = 1410;
				TargetAttributes = {
					FD0892AB297AD9DE00182803 = {
						CreatedOnToolsVersion = 14.1;
					};
				};
			};
			buildConfigurationList = FD0892A7297AD9DE00182803 /* Build configuration list for PBXProject "Catch_em_all" */;
			compatibilityVersion = "Xcode 14.0";
			developmentRegion = en;
			hasScannedForEncodings = 0;
			knownRegions = (
				en,
				Base,
			);
			mainGroup = FD0892A3297AD9DE00182803;
			productRefGroup = FD0892AD297AD9DE00182803 /* Products */;
			projectDirPath = "";
			projectRoot = "";
			targets = (
				FD0892AB297AD9DE00182803 /* Catch_em_all */,
			);
		};
/* End PBXProject section */

/* Begin PBXResourcesBuildPhase section */
		FD0892AA297AD9DE00182803 /* Resources */ = {
			isa = PBXResourcesBuildPhase;
			buildActionMask = 2147483647;
			files = (
				FD0892BC297AD9E000182803 /* LaunchScreen.storyboard in Resources */,
				FD0892B9297AD9E000182803 /* Assets.xcassets in Resources */,
			);
			runOnlyForDeploymentPostprocessing = 0;
		};
/* End PBXResourcesBuildPhase section */

/* Begin PBXShellScriptBuildPhase section */
		8784704DBAFBD7A4D9639E79 /* [CP] Check Pods Manifest.lock */ = {
			isa = PBXShellScriptBuildPhase;
			buildActionMask = 2147483647;
			files = (
			);
			inputFileListPaths = (
			);
			inputPaths = (
				"${PODS_PODFILE_DIR_PATH}/Podfile.lock",
				"${PODS_ROOT}/Manifest.lock",
			);
			name = "[CP] Check Pods Manifest.lock";
			outputFileListPaths = (
			);
			outputPaths = (
				"$(DERIVED_FILE_DIR)/Pods-Catch_em_all-checkManifestLockResult.txt",
			);
			runOnlyForDeploymentPostprocessing = 0;
			shellPath = /bin/sh;
			shellScript = "diff \"${PODS_PODFILE_DIR_PATH}/Podfile.lock\" \"${PODS_ROOT}/Manifest.lock\" > /dev/null\nif [ $? != 0 ] ; then\n    # print error to STDERR\n    echo \"error: The sandbox is not in sync with the Podfile.lock. Run 'pod install' or update your CocoaPods installation.\" >&2\n    exit 1\nfi\n# This output is used by Xcode 'outputs' to avoid re-running this script phase.\necho \"SUCCESS\" > \"${SCRIPT_OUTPUT_FILE_0}\"\n";
			showEnvVarsInLog = 0;
		};
		F68A2A80F6BA89A553B8DA27 /* [CP] Embed Pods Frameworks */ = {
			isa = PBXShellScriptBuildPhase;
			buildActionMask = 2147483647;
			files = (
			);
			inputFileListPaths = (
				"${PODS_ROOT}/Target Support Files/Pods-Catch_em_all/Pods-Catch_em_all-frameworks-${CONFIGURATION}-input-files.xcfilelist",
			);
			name = "[CP] Embed Pods Frameworks";
			outputFileListPaths = (
				"${PODS_ROOT}/Target Support Files/Pods-Catch_em_all/Pods-Catch_em_all-frameworks-${CONFIGURATION}-output-files.xcfilelist",
			);
			runOnlyForDeploymentPostprocessing = 0;
			shellPath = /bin/sh;
			shellScript = "\"${PODS_ROOT}/Target Support Files/Pods-Catch_em_all/Pods-Catch_em_all-frameworks.sh\"\n";
			showEnvVarsInLog = 0;
		};
		FDA8E815298DB53D0034F621 /* SwiftLint */ = {
			isa = PBXShellScriptBuildPhase;
			buildActionMask = 2147483647;
			files = (
			);
			inputFileListPaths = (
			);
			inputPaths = (
			);
			name = SwiftLint;
			outputFileListPaths = (
			);
			outputPaths = (
			);
			runOnlyForDeploymentPostprocessing = 0;
			shellPath = /bin/sh;
			shellScript = "export PATH=\"$PATH:/opt/homebrew/bin\"\nif which swiftlint > /dev/null; then\n  swiftlint\nelse\n  echo \"warning: SwiftLint not installed, download from https://github.com/realm/SwiftLint\"\nfi\n";
		};
/* End PBXShellScriptBuildPhase section */

/* Begin PBXSourcesBuildPhase section */
		FD0892A8297AD9DE00182803 /* Sources */ = {
			isa = PBXSourcesBuildPhase;
			buildActionMask = 2147483647;
			files = (
				FDCE12CF298C220400CA88F6 /* PokeList.swift in Sources */,
				FDB5351229B7D19800FCE612 /* PokeInfo.swift in Sources */,
				FDB5351429B7D1BF00FCE612 /* Sprites.swift in Sources */,
				FD31C69629AA5E6100C8F667 /* Move.swift in Sources */,
				FD17FB8F299E1FEF00F74B13 /* VersionGroupDetail.swift in Sources */,
				FD02B15429AF8D550079241C /* Stat.swift in Sources */,
				FD0892B4297AD9DE00182803 /* ViewController.swift in Sources */,
				FDCE12CC298C21E800CA88F6 /* Poke.swift in Sources */,
				FDEBC703299981E500DB49CA /* Species.swift in Sources */,
				FD0892B0297AD9DE00182803 /* AppDelegate.swift in Sources */,
				FD57A92A299CFCEF00ACF376 /* Other.swift in Sources */,
				FD6C3B1D29B61B0800CE1CF9 /* Chain.swift in Sources */,
				FD6DFE7929B20B680047BB63 /* Ability.swift in Sources */,
				FDC857A0299AA157000C2DF7 /* OfficialArtwork.swift in Sources */,
			);
			runOnlyForDeploymentPostprocessing = 0;
		};
/* End PBXSourcesBuildPhase section */

/* Begin PBXVariantGroup section */
		FD0892BA297AD9E000182803 /* LaunchScreen.storyboard */ = {
			isa = PBXVariantGroup;
			children = (
				FD0892BB297AD9E000182803 /* Base */,
			);
			name = LaunchScreen.storyboard;
			sourceTree = "<group>";
		};
/* End PBXVariantGroup section */

/* Begin XCBuildConfiguration section */
		FD0892BE297AD9E000182803 /* Debug */ = {
			isa = XCBuildConfiguration;
			buildSettings = {
				ALWAYS_SEARCH_USER_PATHS = NO;
				CLANG_ANALYZER_NONNULL = YES;
				CLANG_ANALYZER_NUMBER_OBJECT_CONVERSION = YES_AGGRESSIVE;
				CLANG_CXX_LANGUAGE_STANDARD = "gnu++20";
				CLANG_ENABLE_MODULES = YES;
				CLANG_ENABLE_OBJC_ARC = YES;
				CLANG_ENABLE_OBJC_WEAK = YES;
				CLANG_WARN_BLOCK_CAPTURE_AUTORELEASING = YES;
				CLANG_WARN_BOOL_CONVERSION = YES;
				CLANG_WARN_COMMA = YES;
				CLANG_WARN_CONSTANT_CONVERSION = YES;
				CLANG_WARN_DEPRECATED_OBJC_IMPLEMENTATIONS = YES;
				CLANG_WARN_DIRECT_OBJC_ISA_USAGE = YES_ERROR;
				CLANG_WARN_DOCUMENTATION_COMMENTS = YES;
				CLANG_WARN_EMPTY_BODY = YES;
				CLANG_WARN_ENUM_CONVERSION = YES;
				CLANG_WARN_INFINITE_RECURSION = YES;
				CLANG_WARN_INT_CONVERSION = YES;
				CLANG_WARN_NON_LITERAL_NULL_CONVERSION = YES;
				CLANG_WARN_OBJC_IMPLICIT_RETAIN_SELF = YES;
				CLANG_WARN_OBJC_LITERAL_CONVERSION = YES;
				CLANG_WARN_OBJC_ROOT_CLASS = YES_ERROR;
				CLANG_WARN_QUOTED_INCLUDE_IN_FRAMEWORK_HEADER = YES;
				CLANG_WARN_RANGE_LOOP_ANALYSIS = YES;
				CLANG_WARN_STRICT_PROTOTYPES = YES;
				CLANG_WARN_SUSPICIOUS_MOVE = YES;
				CLANG_WARN_UNGUARDED_AVAILABILITY = YES_AGGRESSIVE;
				CLANG_WARN_UNREACHABLE_CODE = YES;
				CLANG_WARN__DUPLICATE_METHOD_MATCH = YES;
				COPY_PHASE_STRIP = NO;
				DEBUG_INFORMATION_FORMAT = dwarf;
				ENABLE_STRICT_OBJC_MSGSEND = YES;
				ENABLE_TESTABILITY = YES;
				GCC_C_LANGUAGE_STANDARD = gnu11;
				GCC_DYNAMIC_NO_PIC = NO;
				GCC_NO_COMMON_BLOCKS = YES;
				GCC_OPTIMIZATION_LEVEL = 0;
				GCC_PREPROCESSOR_DEFINITIONS = (
					"DEBUG=1",
					"$(inherited)",
				);
				GCC_WARN_64_TO_32_BIT_CONVERSION = YES;
				GCC_WARN_ABOUT_RETURN_TYPE = YES_ERROR;
				GCC_WARN_UNDECLARED_SELECTOR = YES;
				GCC_WARN_UNINITIALIZED_AUTOS = YES_AGGRESSIVE;
				GCC_WARN_UNUSED_FUNCTION = YES;
				GCC_WARN_UNUSED_VARIABLE = YES;
				IPHONEOS_DEPLOYMENT_TARGET = 16.1;
				MTL_ENABLE_DEBUG_INFO = INCLUDE_SOURCE;
				MTL_FAST_MATH = YES;
				ONLY_ACTIVE_ARCH = YES;
				SDKROOT = iphoneos;
				SWIFT_ACTIVE_COMPILATION_CONDITIONS = DEBUG;
				SWIFT_OPTIMIZATION_LEVEL = "-Onone";
			};
			name = Debug;
		};
		FD0892BF297AD9E000182803 /* Release */ = {
			isa = XCBuildConfiguration;
			buildSettings = {
				ALWAYS_SEARCH_USER_PATHS = NO;
				CLANG_ANALYZER_NONNULL = YES;
				CLANG_ANALYZER_NUMBER_OBJECT_CONVERSION = YES_AGGRESSIVE;
				CLANG_CXX_LANGUAGE_STANDARD = "gnu++20";
				CLANG_ENABLE_MODULES = YES;
				CLANG_ENABLE_OBJC_ARC = YES;
				CLANG_ENABLE_OBJC_WEAK = YES;
				CLANG_WARN_BLOCK_CAPTURE_AUTORELEASING = YES;
				CLANG_WARN_BOOL_CONVERSION = YES;
				CLANG_WARN_COMMA = YES;
				CLANG_WARN_CONSTANT_CONVERSION = YES;
				CLANG_WARN_DEPRECATED_OBJC_IMPLEMENTATIONS = YES;
				CLANG_WARN_DIRECT_OBJC_ISA_USAGE = YES_ERROR;
				CLANG_WARN_DOCUMENTATION_COMMENTS = YES;
				CLANG_WARN_EMPTY_BODY = YES;
				CLANG_WARN_ENUM_CONVERSION = YES;
				CLANG_WARN_INFINITE_RECURSION = YES;
				CLANG_WARN_INT_CONVERSION = YES;
				CLANG_WARN_NON_LITERAL_NULL_CONVERSION = YES;
				CLANG_WARN_OBJC_IMPLICIT_RETAIN_SELF = YES;
				CLANG_WARN_OBJC_LITERAL_CONVERSION = YES;
				CLANG_WARN_OBJC_ROOT_CLASS = YES_ERROR;
				CLANG_WARN_QUOTED_INCLUDE_IN_FRAMEWORK_HEADER = YES;
				CLANG_WARN_RANGE_LOOP_ANALYSIS = YES;
				CLANG_WARN_STRICT_PROTOTYPES = YES;
				CLANG_WARN_SUSPICIOUS_MOVE = YES;
				CLANG_WARN_UNGUARDED_AVAILABILITY = YES_AGGRESSIVE;
				CLANG_WARN_UNREACHABLE_CODE = YES;
				CLANG_WARN__DUPLICATE_METHOD_MATCH = YES;
				COPY_PHASE_STRIP = NO;
				DEBUG_INFORMATION_FORMAT = "dwarf-with-dsym";
				ENABLE_NS_ASSERTIONS = NO;
				ENABLE_STRICT_OBJC_MSGSEND = YES;
				GCC_C_LANGUAGE_STANDARD = gnu11;
				GCC_NO_COMMON_BLOCKS = YES;
				GCC_WARN_64_TO_32_BIT_CONVERSION = YES;
				GCC_WARN_ABOUT_RETURN_TYPE = YES_ERROR;
				GCC_WARN_UNDECLARED_SELECTOR = YES;
				GCC_WARN_UNINITIALIZED_AUTOS = YES_AGGRESSIVE;
				GCC_WARN_UNUSED_FUNCTION = YES;
				GCC_WARN_UNUSED_VARIABLE = YES;
				IPHONEOS_DEPLOYMENT_TARGET = 16.1;
				MTL_ENABLE_DEBUG_INFO = NO;
				MTL_FAST_MATH = YES;
				SDKROOT = iphoneos;
				SWIFT_COMPILATION_MODE = wholemodule;
				SWIFT_OPTIMIZATION_LEVEL = "-O";
				VALIDATE_PRODUCT = YES;
			};
			name = Release;
		};
		FD0892C1297AD9E000182803 /* Debug */ = {
			isa = XCBuildConfiguration;
			baseConfigurationReference = E4E682A8709019E349572F4C /* Pods-Catch_em_all.debug.xcconfig */;
			buildSettings = {
				ASSETCATALOG_COMPILER_APPICON_NAME = AppIcon;
				ASSETCATALOG_COMPILER_GLOBAL_ACCENT_COLOR_NAME = AccentColor;
				CODE_SIGN_STYLE = Automatic;
				CURRENT_PROJECT_VERSION = 1;
				GENERATE_INFOPLIST_FILE = YES;
				INFOPLIST_FILE = "Catch_em_all/Supporting Files/Info.plist";
				INFOPLIST_KEY_UIApplicationSupportsIndirectInputEvents = YES;
				INFOPLIST_KEY_UILaunchStoryboardName = LaunchScreen;
				INFOPLIST_KEY_UIMainStoryboardFile = "";
				INFOPLIST_KEY_UISupportedInterfaceOrientations_iPad = "UIInterfaceOrientationPortrait UIInterfaceOrientationPortraitUpsideDown UIInterfaceOrientationLandscapeLeft UIInterfaceOrientationLandscapeRight";
				INFOPLIST_KEY_UISupportedInterfaceOrientations_iPhone = "UIInterfaceOrientationPortrait UIInterfaceOrientationLandscapeLeft UIInterfaceOrientationLandscapeRight";
				IPHONEOS_DEPLOYMENT_TARGET = 12.0;
				LD_RUNPATH_SEARCH_PATHS = (
					"$(inherited)",
					"@executable_path/Frameworks",
				);
				MARKETING_VERSION = 1.0;
				PRODUCT_BUNDLE_IDENTIFIER = "com.RomanIvanov.Catch-em-all";
				PRODUCT_NAME = "$(TARGET_NAME)";
				SWIFT_EMIT_LOC_STRINGS = YES;
				SWIFT_VERSION = 5.0;
				TARGETED_DEVICE_FAMILY = "1,2";
			};
			name = Debug;
		};
		FD0892C2297AD9E000182803 /* Release */ = {
			isa = XCBuildConfiguration;
			baseConfigurationReference = 073FA098E3E300C6DD26E79F /* Pods-Catch_em_all.release.xcconfig */;
			buildSettings = {
				ASSETCATALOG_COMPILER_APPICON_NAME = AppIcon;
				ASSETCATALOG_COMPILER_GLOBAL_ACCENT_COLOR_NAME = AccentColor;
				CODE_SIGN_STYLE = Automatic;
				CURRENT_PROJECT_VERSION = 1;
				GENERATE_INFOPLIST_FILE = YES;
				INFOPLIST_FILE = "Catch_em_all/Supporting Files/Info.plist";
				INFOPLIST_KEY_UIApplicationSupportsIndirectInputEvents = YES;
				INFOPLIST_KEY_UILaunchStoryboardName = LaunchScreen;
				INFOPLIST_KEY_UIMainStoryboardFile = "";
				INFOPLIST_KEY_UISupportedInterfaceOrientations_iPad = "UIInterfaceOrientationPortrait UIInterfaceOrientationPortraitUpsideDown UIInterfaceOrientationLandscapeLeft UIInterfaceOrientationLandscapeRight";
				INFOPLIST_KEY_UISupportedInterfaceOrientations_iPhone = "UIInterfaceOrientationPortrait UIInterfaceOrientationLandscapeLeft UIInterfaceOrientationLandscapeRight";
				IPHONEOS_DEPLOYMENT_TARGET = 12.0;
				LD_RUNPATH_SEARCH_PATHS = (
					"$(inherited)",
					"@executable_path/Frameworks",
				);
				MARKETING_VERSION = 1.0;
				PRODUCT_BUNDLE_IDENTIFIER = "com.RomanIvanov.Catch-em-all";
				PRODUCT_NAME = "$(TARGET_NAME)";
				SWIFT_EMIT_LOC_STRINGS = YES;
				SWIFT_VERSION = 5.0;
				TARGETED_DEVICE_FAMILY = "1,2";
			};
			name = Release;
		};
/* End XCBuildConfiguration section */

/* Begin XCConfigurationList section */
		FD0892A7297AD9DE00182803 /* Build configuration list for PBXProject "Catch_em_all" */ = {
			isa = XCConfigurationList;
			buildConfigurations = (
				FD0892BE297AD9E000182803 /* Debug */,
				FD0892BF297AD9E000182803 /* Release */,
			);
			defaultConfigurationIsVisible = 0;
			defaultConfigurationName = Release;
		};
		FD0892C0297AD9E000182803 /* Build configuration list for PBXNativeTarget "Catch_em_all" */ = {
			isa = XCConfigurationList;
			buildConfigurations = (
				FD0892C1297AD9E000182803 /* Debug */,
				FD0892C2297AD9E000182803 /* Release */,
			);
			defaultConfigurationIsVisible = 0;
			defaultConfigurationName = Release;
		};
/* End XCConfigurationList section */
	};
	rootObject = FD0892A4297AD9DE00182803 /* Project object */;
}
